// !$*UTF8*$!
{
	archiveVersion = 1;
	classes = {
	};
	objectVersion = 50;
	objects = {

/* Begin PBXBuildFile section */
		BB2D8FB623137DCE0008BE3F /* NumberFormatter+currency.swift in Sources */ = {isa = PBXBuildFile; fileRef = BB2D8FB523137DCE0008BE3F /* NumberFormatter+currency.swift */; };
		BB2D8FB823137E360008BE3F /* String+localization.swift in Sources */ = {isa = PBXBuildFile; fileRef = BB2D8FB723137E360008BE3F /* String+localization.swift */; };
		BB2D8FBA23137E6D0008BE3F /* String+validator.swift in Sources */ = {isa = PBXBuildFile; fileRef = BB2D8FB923137E6D0008BE3F /* String+validator.swift */; };
		BB2D8FBC23137F060008BE3F /* UICollectionView+Cells.swift in Sources */ = {isa = PBXBuildFile; fileRef = BB2D8FBB23137F060008BE3F /* UICollectionView+Cells.swift */; };
		BB2D8FBE23137FA30008BE3F /* UITableView+Cells.swift in Sources */ = {isa = PBXBuildFile; fileRef = BB2D8FBD23137FA30008BE3F /* UITableView+Cells.swift */; };
		BB2D8FC123137FEF0008BE3F /* UIView+LoadFromNib.swift in Sources */ = {isa = PBXBuildFile; fileRef = BB2D8FC023137FEF0008BE3F /* UIView+LoadFromNib.swift */; };
		BB2D8FC3231380370008BE3F /* UIView+NameOfClass.swift in Sources */ = {isa = PBXBuildFile; fileRef = BB2D8FC2231380370008BE3F /* UIView+NameOfClass.swift */; };
		BB2D8FC52313807D0008BE3F /* UIViewController+Alert.swift in Sources */ = {isa = PBXBuildFile; fileRef = BB2D8FC42313807D0008BE3F /* UIViewController+Alert.swift */; };
		BB2D8FC7231381330008BE3F /* UIViewController+BarButtonItems.swift in Sources */ = {isa = PBXBuildFile; fileRef = BB2D8FC6231381330008BE3F /* UIViewController+BarButtonItems.swift */; };
		BB3C08AA233EA55D00787EBB /* ShadowRoundedImageView.swift in Sources */ = {isa = PBXBuildFile; fileRef = BB3C08A9233EA55D00787EBB /* ShadowRoundedImageView.swift */; };
		BB5E11402310752100B8B489 /* Mool.framework in Frameworks */ = {isa = PBXBuildFile; fileRef = BB5E11362310752100B8B489 /* Mool.framework */; };
		BB5E11452310752100B8B489 /* MoolTests.swift in Sources */ = {isa = PBXBuildFile; fileRef = BB5E11442310752100B8B489 /* MoolTests.swift */; };
		BB5E11472310752100B8B489 /* Mool.h in Headers */ = {isa = PBXBuildFile; fileRef = BB5E11392310752100B8B489 /* Mool.h */; settings = {ATTRIBUTES = (Public, ); }; };
		BB5E1152231075C800B8B489 /* UIButton+animation.swift in Sources */ = {isa = PBXBuildFile; fileRef = BB5E1151231075C800B8B489 /* UIButton+animation.swift */; };
		BB5E11782310792E00B8B489 /* App+InfoPlist.swift in Sources */ = {isa = PBXBuildFile; fileRef = BB5E11572310792C00B8B489 /* App+InfoPlist.swift */; };
		BB5E11792310792E00B8B489 /* Date+TimeAgoSince.swift in Sources */ = {isa = PBXBuildFile; fileRef = BB5E115A2310792D00B8B489 /* Date+TimeAgoSince.swift */; };
		BB5E117A2310792E00B8B489 /* Date+extension.swift in Sources */ = {isa = PBXBuildFile; fileRef = BB5E115B2310792D00B8B489 /* Date+extension.swift */; };
		BB5E117B2310792E00B8B489 /* Date+String.swift in Sources */ = {isa = PBXBuildFile; fileRef = BB5E115C2310792D00B8B489 /* Date+String.swift */; };
		BB5E117C2310792E00B8B489 /* String+extension.swift in Sources */ = {isa = PBXBuildFile; fileRef = BB5E115E2310792D00B8B489 /* String+extension.swift */; };
		BB5E117D2310792E00B8B489 /* UIApplication+Extension.swift in Sources */ = {isa = PBXBuildFile; fileRef = BB5E11602310792D00B8B489 /* UIApplication+Extension.swift */; };
		BB5E117E2310792E00B8B489 /* UIImage+Extension.swift in Sources */ = {isa = PBXBuildFile; fileRef = BB5E11622310792D00B8B489 /* UIImage+Extension.swift */; };
		BB5E117F2310792E00B8B489 /* UIDevice+Extension.swift in Sources */ = {isa = PBXBuildFile; fileRef = BB5E11632310792D00B8B489 /* UIDevice+Extension.swift */; };
		BB5E11802310792E00B8B489 /* UIColor+init.swift in Sources */ = {isa = PBXBuildFile; fileRef = BB5E11652310792D00B8B489 /* UIColor+init.swift */; };
		BB5E11812310792E00B8B489 /* UIActivity+Extension.swift in Sources */ = {isa = PBXBuildFile; fileRef = BB5E11672310792D00B8B489 /* UIActivity+Extension.swift */; };
		BB5E11822310792E00B8B489 /* UIView+Extension.swift in Sources */ = {isa = PBXBuildFile; fileRef = BB5E11682310792D00B8B489 /* UIView+Extension.swift */; };
		BB5E11832310792E00B8B489 /* UIStoryboard+extension.swift in Sources */ = {isa = PBXBuildFile; fileRef = BB5E116A2310792D00B8B489 /* UIStoryboard+extension.swift */; };
		BB5E11842310792E00B8B489 /* NSLayoutConstraint+extension.swift in Sources */ = {isa = PBXBuildFile; fileRef = BB5E116B2310792D00B8B489 /* NSLayoutConstraint+extension.swift */; };
		BB5E11852310792E00B8B489 /* UICollectionView+extension.swift in Sources */ = {isa = PBXBuildFile; fileRef = BB5E116D2310792D00B8B489 /* UICollectionView+extension.swift */; };
		BB5E11862310792E00B8B489 /* UIViewController+extension.swift in Sources */ = {isa = PBXBuildFile; fileRef = BB5E116F2310792D00B8B489 /* UIViewController+extension.swift */; };
		BB5E11872310792E00B8B489 /* Segue.swift in Sources */ = {isa = PBXBuildFile; fileRef = BB5E11702310792D00B8B489 /* Segue.swift */; };
		BB5E11882310792E00B8B489 /* UIViewController+Segue.swift in Sources */ = {isa = PBXBuildFile; fileRef = BB5E11712310792D00B8B489 /* UIViewController+Segue.swift */; };
		BB5E11892310792E00B8B489 /* UITableView+extension.swift in Sources */ = {isa = PBXBuildFile; fileRef = BB5E11732310792D00B8B489 /* UITableView+extension.swift */; };
		BB5E118A2310792E00B8B489 /* UITextField+CGRect.swift in Sources */ = {isa = PBXBuildFile; fileRef = BB5E11752310792D00B8B489 /* UITextField+CGRect.swift */; };
		BB5E3508233557B800BA0527 /* GradientView.swift in Sources */ = {isa = PBXBuildFile; fileRef = BB5E3507233557B800BA0527 /* GradientView.swift */; };
		BB5E350A2335FF5500BA0527 /* UIColor+Extension.swift in Sources */ = {isa = PBXBuildFile; fileRef = BB5E35092335FF5500BA0527 /* UIColor+Extension.swift */; };
		BB5E350F233600A400BA0527 /* App+generic.swift in Sources */ = {isa = PBXBuildFile; fileRef = BB5E350E233600A300BA0527 /* App+generic.swift */; };
		BB5E3511233600F000BA0527 /* UIViewConroller+Hero.swift in Sources */ = {isa = PBXBuildFile; fileRef = BB5E3510233600F000BA0527 /* UIViewConroller+Hero.swift */; };
		BB5E35182336058100BA0527 /* String+youtube.swift in Sources */ = {isa = PBXBuildFile; fileRef = BB5E35172336058100BA0527 /* String+youtube.swift */; };
		BB750E3F23A4C2F0005ED4C9 /* UITableView+IndexPath.swift in Sources */ = {isa = PBXBuildFile; fileRef = BB750E3E23A4C2F0005ED4C9 /* UITableView+IndexPath.swift */; };
		BB750E4223A611B5005ED4C9 /* URL+extension.swift in Sources */ = {isa = PBXBuildFile; fileRef = BB750E4123A611B5005ED4C9 /* URL+extension.swift */; };
		BB750E4423A611EB005ED4C9 /* String+Data.swift in Sources */ = {isa = PBXBuildFile; fileRef = BB750E4323A611EB005ED4C9 /* String+Data.swift */; };
		BB750E4623A6132D005ED4C9 /* DateFormatter+init.swift in Sources */ = {isa = PBXBuildFile; fileRef = BB750E4523A6132D005ED4C9 /* DateFormatter+init.swift */; };
		BB750E4823A6136C005ED4C9 /* UIAlertController+exension.swift in Sources */ = {isa = PBXBuildFile; fileRef = BB750E4723A6136C005ED4C9 /* UIAlertController+exension.swift */; };
		BB80354623C6A20D00CDD5E0 /* LAContext+extension.swift in Sources */ = {isa = PBXBuildFile; fileRef = BB80354523C6A20D00CDD5E0 /* LAContext+extension.swift */; };
		BB80358723C7D68B00CDD5E0 /* MoolAssets.xcassets in Resources */ = {isa = PBXBuildFile; fileRef = BB80358623C7D68B00CDD5E0 /* MoolAssets.xcassets */; };
		BB827F4F233B36B4004D4CFB /* Device.swift in Sources */ = {isa = PBXBuildFile; fileRef = BB827F4E233B36B4004D4CFB /* Device.swift */; };
		BB827F51233B36EB004D4CFB /* DeviceVersion.swift in Sources */ = {isa = PBXBuildFile; fileRef = BB827F50233B36EB004D4CFB /* DeviceVersion.swift */; };
		BB827F53233B370D004D4CFB /* DeviceType.swift in Sources */ = {isa = PBXBuildFile; fileRef = BB827F52233B370D004D4CFB /* DeviceType.swift */; };
		BB827F55233B3733004D4CFB /* DeviceSize.swift in Sources */ = {isa = PBXBuildFile; fileRef = BB827F54233B3733004D4CFB /* DeviceSize.swift */; };
		BB8B47A82334287C009FD5D0 /* Toolbar+helpers.swift in Sources */ = {isa = PBXBuildFile; fileRef = BB8B47A72334287C009FD5D0 /* Toolbar+helpers.swift */; };
		BB8B47B323342C8A009FD5D0 /* DateComponents+extension.swift in Sources */ = {isa = PBXBuildFile; fileRef = BB8B47B223342C8A009FD5D0 /* DateComponents+extension.swift */; };
		BB8B47B723342D8B009FD5D0 /* Toast.swift in Sources */ = {isa = PBXBuildFile; fileRef = BB8B47B623342D8B009FD5D0 /* Toast.swift */; };
		BB8B47B923342F1D009FD5D0 /* UIView+autolayout.swift in Sources */ = {isa = PBXBuildFile; fileRef = BB8B47B823342F1D009FD5D0 /* UIView+autolayout.swift */; };
		BB9750EB24A96D5700BCE32E /* CLLocationManager+Extension.swift in Sources */ = {isa = PBXBuildFile; fileRef = BB9750EA24A96D5700BCE32E /* CLLocationManager+Extension.swift */; };
		CF6952C524A5B0EC00E6147A /* String+EmailValidation.swift in Sources */ = {isa = PBXBuildFile; fileRef = CF6952C424A5B0EC00E6147A /* String+EmailValidation.swift */; };
		CF6952C824A5B6F300E6147A /* UserDefaults+extension.swift in Sources */ = {isa = PBXBuildFile; fileRef = CF6952C724A5B6F300E6147A /* UserDefaults+extension.swift */; };
		CF6952CA24A5BB2600E6147A /* UIRefreshControl+UITableView.swift in Sources */ = {isa = PBXBuildFile; fileRef = CF6952C924A5BB2600E6147A /* UIRefreshControl+UITableView.swift */; };
/* End PBXBuildFile section */

/* Begin PBXContainerItemProxy section */
		BB5E11412310752100B8B489 /* PBXContainerItemProxy */ = {
			isa = PBXContainerItemProxy;
			containerPortal = BB5E112D2310752100B8B489 /* Project object */;
			proxyType = 1;
			remoteGlobalIDString = BB5E11352310752100B8B489;
			remoteInfo = Mool;
		};
		BB9750D124A7E2AF00BCE32E /* PBXContainerItemProxy */ = {
			isa = PBXContainerItemProxy;
			containerPortal = BB9750CB24A7E2AF00BCE32E /* Example.xcodeproj */;
			proxyType = 2;
			remoteGlobalIDString = BB97509524A7E0D000BCE32E;
			remoteInfo = Example;
		};
		BB9750D324A7E2AF00BCE32E /* PBXContainerItemProxy */ = {
			isa = PBXContainerItemProxy;
			containerPortal = BB9750CB24A7E2AF00BCE32E /* Example.xcodeproj */;
			proxyType = 2;
			remoteGlobalIDString = BB9750AE24A7E0D300BCE32E;
			remoteInfo = ExampleTests;
		};
		BB9750D524A7E2AF00BCE32E /* PBXContainerItemProxy */ = {
			isa = PBXContainerItemProxy;
			containerPortal = BB9750CB24A7E2AF00BCE32E /* Example.xcodeproj */;
			proxyType = 2;
			remoteGlobalIDString = BB9750B924A7E0D300BCE32E;
			remoteInfo = ExampleUITests;
		};
/* End PBXContainerItemProxy section */

/* Begin PBXFileReference section */
		BB2D8FB523137DCE0008BE3F /* NumberFormatter+currency.swift */ = {isa = PBXFileReference; lastKnownFileType = sourcecode.swift; path = "NumberFormatter+currency.swift"; sourceTree = "<group>"; };
		BB2D8FB723137E360008BE3F /* String+localization.swift */ = {isa = PBXFileReference; lastKnownFileType = sourcecode.swift; path = "String+localization.swift"; sourceTree = "<group>"; };
		BB2D8FB923137E6D0008BE3F /* String+validator.swift */ = {isa = PBXFileReference; lastKnownFileType = sourcecode.swift; path = "String+validator.swift"; sourceTree = "<group>"; };
		BB2D8FBB23137F060008BE3F /* UICollectionView+Cells.swift */ = {isa = PBXFileReference; lastKnownFileType = sourcecode.swift; path = "UICollectionView+Cells.swift"; sourceTree = "<group>"; };
		BB2D8FBD23137FA30008BE3F /* UITableView+Cells.swift */ = {isa = PBXFileReference; lastKnownFileType = sourcecode.swift; path = "UITableView+Cells.swift"; sourceTree = "<group>"; };
		BB2D8FC023137FEF0008BE3F /* UIView+LoadFromNib.swift */ = {isa = PBXFileReference; lastKnownFileType = sourcecode.swift; path = "UIView+LoadFromNib.swift"; sourceTree = "<group>"; };
		BB2D8FC2231380370008BE3F /* UIView+NameOfClass.swift */ = {isa = PBXFileReference; lastKnownFileType = sourcecode.swift; path = "UIView+NameOfClass.swift"; sourceTree = "<group>"; };
		BB2D8FC42313807D0008BE3F /* UIViewController+Alert.swift */ = {isa = PBXFileReference; lastKnownFileType = sourcecode.swift; path = "UIViewController+Alert.swift"; sourceTree = "<group>"; };
		BB2D8FC6231381330008BE3F /* UIViewController+BarButtonItems.swift */ = {isa = PBXFileReference; lastKnownFileType = sourcecode.swift; path = "UIViewController+BarButtonItems.swift"; sourceTree = "<group>"; };
		BB3C08A9233EA55D00787EBB /* ShadowRoundedImageView.swift */ = {isa = PBXFileReference; lastKnownFileType = sourcecode.swift; path = ShadowRoundedImageView.swift; sourceTree = "<group>"; };
		BB5E11362310752100B8B489 /* Mool.framework */ = {isa = PBXFileReference; explicitFileType = wrapper.framework; includeInIndex = 0; path = Mool.framework; sourceTree = BUILT_PRODUCTS_DIR; };
		BB5E11392310752100B8B489 /* Mool.h */ = {isa = PBXFileReference; lastKnownFileType = sourcecode.c.h; path = Mool.h; sourceTree = "<group>"; };
		BB5E113A2310752100B8B489 /* Info.plist */ = {isa = PBXFileReference; lastKnownFileType = text.plist.xml; path = Info.plist; sourceTree = "<group>"; };
		BB5E113F2310752100B8B489 /* MoolTests.xctest */ = {isa = PBXFileReference; explicitFileType = wrapper.cfbundle; includeInIndex = 0; path = MoolTests.xctest; sourceTree = BUILT_PRODUCTS_DIR; };
		BB5E11442310752100B8B489 /* MoolTests.swift */ = {isa = PBXFileReference; lastKnownFileType = sourcecode.swift; path = MoolTests.swift; sourceTree = "<group>"; };
		BB5E11462310752100B8B489 /* Info.plist */ = {isa = PBXFileReference; lastKnownFileType = text.plist.xml; path = Info.plist; sourceTree = "<group>"; };
		BB5E1151231075C800B8B489 /* UIButton+animation.swift */ = {isa = PBXFileReference; lastKnownFileType = sourcecode.swift; path = "UIButton+animation.swift"; sourceTree = "<group>"; };
		BB5E11572310792C00B8B489 /* App+InfoPlist.swift */ = {isa = PBXFileReference; fileEncoding = 4; lastKnownFileType = sourcecode.swift; path = "App+InfoPlist.swift"; sourceTree = "<group>"; };
		BB5E115A2310792D00B8B489 /* Date+TimeAgoSince.swift */ = {isa = PBXFileReference; fileEncoding = 4; lastKnownFileType = sourcecode.swift; path = "Date+TimeAgoSince.swift"; sourceTree = "<group>"; };
		BB5E115B2310792D00B8B489 /* Date+extension.swift */ = {isa = PBXFileReference; fileEncoding = 4; lastKnownFileType = sourcecode.swift; path = "Date+extension.swift"; sourceTree = "<group>"; };
		BB5E115C2310792D00B8B489 /* Date+String.swift */ = {isa = PBXFileReference; fileEncoding = 4; lastKnownFileType = sourcecode.swift; path = "Date+String.swift"; sourceTree = "<group>"; };
		BB5E115E2310792D00B8B489 /* String+extension.swift */ = {isa = PBXFileReference; fileEncoding = 4; lastKnownFileType = sourcecode.swift; path = "String+extension.swift"; sourceTree = "<group>"; };
		BB5E11602310792D00B8B489 /* UIApplication+Extension.swift */ = {isa = PBXFileReference; fileEncoding = 4; lastKnownFileType = sourcecode.swift; path = "UIApplication+Extension.swift"; sourceTree = "<group>"; };
		BB5E11622310792D00B8B489 /* UIImage+Extension.swift */ = {isa = PBXFileReference; fileEncoding = 4; lastKnownFileType = sourcecode.swift; path = "UIImage+Extension.swift"; sourceTree = "<group>"; };
		BB5E11632310792D00B8B489 /* UIDevice+Extension.swift */ = {isa = PBXFileReference; fileEncoding = 4; lastKnownFileType = sourcecode.swift; path = "UIDevice+Extension.swift"; sourceTree = "<group>"; };
		BB5E11652310792D00B8B489 /* UIColor+init.swift */ = {isa = PBXFileReference; fileEncoding = 4; lastKnownFileType = sourcecode.swift; path = "UIColor+init.swift"; sourceTree = "<group>"; };
		BB5E11672310792D00B8B489 /* UIActivity+Extension.swift */ = {isa = PBXFileReference; fileEncoding = 4; lastKnownFileType = sourcecode.swift; path = "UIActivity+Extension.swift"; sourceTree = "<group>"; };
		BB5E11682310792D00B8B489 /* UIView+Extension.swift */ = {isa = PBXFileReference; fileEncoding = 4; lastKnownFileType = sourcecode.swift; path = "UIView+Extension.swift"; sourceTree = "<group>"; };
		BB5E116A2310792D00B8B489 /* UIStoryboard+extension.swift */ = {isa = PBXFileReference; fileEncoding = 4; lastKnownFileType = sourcecode.swift; path = "UIStoryboard+extension.swift"; sourceTree = "<group>"; };
		BB5E116B2310792D00B8B489 /* NSLayoutConstraint+extension.swift */ = {isa = PBXFileReference; fileEncoding = 4; lastKnownFileType = sourcecode.swift; path = "NSLayoutConstraint+extension.swift"; sourceTree = "<group>"; };
		BB5E116D2310792D00B8B489 /* UICollectionView+extension.swift */ = {isa = PBXFileReference; fileEncoding = 4; lastKnownFileType = sourcecode.swift; path = "UICollectionView+extension.swift"; sourceTree = "<group>"; };
		BB5E116F2310792D00B8B489 /* UIViewController+extension.swift */ = {isa = PBXFileReference; fileEncoding = 4; lastKnownFileType = sourcecode.swift; path = "UIViewController+extension.swift"; sourceTree = "<group>"; };
		BB5E11702310792D00B8B489 /* Segue.swift */ = {isa = PBXFileReference; fileEncoding = 4; lastKnownFileType = sourcecode.swift; path = Segue.swift; sourceTree = "<group>"; };
		BB5E11712310792D00B8B489 /* UIViewController+Segue.swift */ = {isa = PBXFileReference; fileEncoding = 4; lastKnownFileType = sourcecode.swift; path = "UIViewController+Segue.swift"; sourceTree = "<group>"; };
		BB5E11732310792D00B8B489 /* UITableView+extension.swift */ = {isa = PBXFileReference; fileEncoding = 4; lastKnownFileType = sourcecode.swift; path = "UITableView+extension.swift"; sourceTree = "<group>"; };
		BB5E11752310792D00B8B489 /* UITextField+CGRect.swift */ = {isa = PBXFileReference; fileEncoding = 4; lastKnownFileType = sourcecode.swift; path = "UITextField+CGRect.swift"; sourceTree = "<group>"; };
		BB5E3507233557B800BA0527 /* GradientView.swift */ = {isa = PBXFileReference; fileEncoding = 4; lastKnownFileType = sourcecode.swift; path = GradientView.swift; sourceTree = "<group>"; };
		BB5E35092335FF5500BA0527 /* UIColor+Extension.swift */ = {isa = PBXFileReference; fileEncoding = 4; lastKnownFileType = sourcecode.swift; path = "UIColor+Extension.swift"; sourceTree = "<group>"; };
		BB5E350E233600A300BA0527 /* App+generic.swift */ = {isa = PBXFileReference; lastKnownFileType = sourcecode.swift; path = "App+generic.swift"; sourceTree = "<group>"; };
		BB5E3510233600F000BA0527 /* UIViewConroller+Hero.swift */ = {isa = PBXFileReference; fileEncoding = 4; lastKnownFileType = sourcecode.swift; path = "UIViewConroller+Hero.swift"; sourceTree = "<group>"; };
		BB5E35172336058100BA0527 /* String+youtube.swift */ = {isa = PBXFileReference; lastKnownFileType = sourcecode.swift; path = "String+youtube.swift"; sourceTree = "<group>"; };
		BB750E3E23A4C2F0005ED4C9 /* UITableView+IndexPath.swift */ = {isa = PBXFileReference; lastKnownFileType = sourcecode.swift; path = "UITableView+IndexPath.swift"; sourceTree = "<group>"; };
		BB750E4123A611B5005ED4C9 /* URL+extension.swift */ = {isa = PBXFileReference; lastKnownFileType = sourcecode.swift; path = "URL+extension.swift"; sourceTree = "<group>"; };
		BB750E4323A611EB005ED4C9 /* String+Data.swift */ = {isa = PBXFileReference; lastKnownFileType = sourcecode.swift; path = "String+Data.swift"; sourceTree = "<group>"; };
		BB750E4523A6132D005ED4C9 /* DateFormatter+init.swift */ = {isa = PBXFileReference; lastKnownFileType = sourcecode.swift; path = "DateFormatter+init.swift"; sourceTree = "<group>"; };
		BB750E4723A6136C005ED4C9 /* UIAlertController+exension.swift */ = {isa = PBXFileReference; lastKnownFileType = sourcecode.swift; path = "UIAlertController+exension.swift"; sourceTree = "<group>"; };
		BB80354523C6A20D00CDD5E0 /* LAContext+extension.swift */ = {isa = PBXFileReference; lastKnownFileType = sourcecode.swift; path = "LAContext+extension.swift"; sourceTree = "<group>"; };
		BB80358623C7D68B00CDD5E0 /* MoolAssets.xcassets */ = {isa = PBXFileReference; lastKnownFileType = folder.assetcatalog; path = MoolAssets.xcassets; sourceTree = "<group>"; };
		BB827F4E233B36B4004D4CFB /* Device.swift */ = {isa = PBXFileReference; lastKnownFileType = sourcecode.swift; path = Device.swift; sourceTree = "<group>"; };
		BB827F50233B36EB004D4CFB /* DeviceVersion.swift */ = {isa = PBXFileReference; lastKnownFileType = sourcecode.swift; path = DeviceVersion.swift; sourceTree = "<group>"; };
		BB827F52233B370D004D4CFB /* DeviceType.swift */ = {isa = PBXFileReference; lastKnownFileType = sourcecode.swift; path = DeviceType.swift; sourceTree = "<group>"; };
		BB827F54233B3733004D4CFB /* DeviceSize.swift */ = {isa = PBXFileReference; lastKnownFileType = sourcecode.swift; path = DeviceSize.swift; sourceTree = "<group>"; };
		BB8B47A72334287C009FD5D0 /* Toolbar+helpers.swift */ = {isa = PBXFileReference; lastKnownFileType = sourcecode.swift; path = "Toolbar+helpers.swift"; sourceTree = "<group>"; };
		BB8B47B223342C8A009FD5D0 /* DateComponents+extension.swift */ = {isa = PBXFileReference; lastKnownFileType = sourcecode.swift; path = "DateComponents+extension.swift"; sourceTree = "<group>"; };
		BB8B47B623342D8B009FD5D0 /* Toast.swift */ = {isa = PBXFileReference; lastKnownFileType = sourcecode.swift; path = Toast.swift; sourceTree = "<group>"; };
		BB8B47B823342F1D009FD5D0 /* UIView+autolayout.swift */ = {isa = PBXFileReference; lastKnownFileType = sourcecode.swift; path = "UIView+autolayout.swift"; sourceTree = "<group>"; };
		BB9750CB24A7E2AF00BCE32E /* Example.xcodeproj */ = {isa = PBXFileReference; lastKnownFileType = "wrapper.pb-project"; path = Example.xcodeproj; sourceTree = "<group>"; };
		BB9750EA24A96D5700BCE32E /* CLLocationManager+Extension.swift */ = {isa = PBXFileReference; fileEncoding = 4; lastKnownFileType = sourcecode.swift; path = "CLLocationManager+Extension.swift"; sourceTree = "<group>"; };
		CF6952C424A5B0EC00E6147A /* String+EmailValidation.swift */ = {isa = PBXFileReference; lastKnownFileType = sourcecode.swift; path = "String+EmailValidation.swift"; sourceTree = "<group>"; };
		CF6952C724A5B6F300E6147A /* UserDefaults+extension.swift */ = {isa = PBXFileReference; lastKnownFileType = sourcecode.swift; path = "UserDefaults+extension.swift"; sourceTree = "<group>"; };
		CF6952C924A5BB2600E6147A /* UIRefreshControl+UITableView.swift */ = {isa = PBXFileReference; lastKnownFileType = sourcecode.swift; path = "UIRefreshControl+UITableView.swift"; sourceTree = "<group>"; };
/* End PBXFileReference section */

/* Begin PBXFrameworksBuildPhase section */
		BB5E11332310752100B8B489 /* Frameworks */ = {
			isa = PBXFrameworksBuildPhase;
			buildActionMask = 2147483647;
			files = (
			);
			runOnlyForDeploymentPostprocessing = 0;
		};
		BB5E113C2310752100B8B489 /* Frameworks */ = {
			isa = PBXFrameworksBuildPhase;
			buildActionMask = 2147483647;
			files = (
				BB5E11402310752100B8B489 /* Mool.framework in Frameworks */,
			);
			runOnlyForDeploymentPostprocessing = 0;
		};
/* End PBXFrameworksBuildPhase section */

/* Begin PBXGroup section */
		BB2D8FB423137DA70008BE3F /* Number */ = {
			isa = PBXGroup;
			children = (
				BB2D8FB523137DCE0008BE3F /* NumberFormatter+currency.swift */,
			);
			path = Number;
			sourceTree = "<group>";
		};
		BB2D8FBF23137FDA0008BE3F /* UIView */ = {
			isa = PBXGroup;
			children = (
				BB2D8FC023137FEF0008BE3F /* UIView+LoadFromNib.swift */,
				BB2D8FC2231380370008BE3F /* UIView+NameOfClass.swift */,
				BB8B47B823342F1D009FD5D0 /* UIView+autolayout.swift */,
			);
			path = UIView;
			sourceTree = "<group>";
		};
		BB3C08AB233EA5E400787EBB /* UIImageViews */ = {
			isa = PBXGroup;
			children = (
				BB3C08A9233EA55D00787EBB /* ShadowRoundedImageView.swift */,
			);
			path = UIImageViews;
			sourceTree = "<group>";
		};
		BB5E112C2310752100B8B489 = {
			isa = PBXGroup;
			children = (
				BB97508B24A7E0A400BCE32E /* Example */,
				BB5E11382310752100B8B489 /* Mool */,
				BB5E11432310752100B8B489 /* MoolTests */,
				BB5E11372310752100B8B489 /* Products */,
			);
			sourceTree = "<group>";
		};
		BB5E11372310752100B8B489 /* Products */ = {
			isa = PBXGroup;
			children = (
				BB5E11362310752100B8B489 /* Mool.framework */,
				BB5E113F2310752100B8B489 /* MoolTests.xctest */,
			);
			name = Products;
			sourceTree = "<group>";
		};
		BB5E11382310752100B8B489 /* Mool */ = {
			isa = PBXGroup;
			children = (
				BB9750E924A96D2700BCE32E /* CoreLocation */,
				BB5E11582310792D00B8B489 /* Foundation */,
				BB5E115F2310792D00B8B489 /* UIKit+Extensions */,
				BB5E350E233600A300BA0527 /* App+generic.swift */,
				BB5E11572310792C00B8B489 /* App+InfoPlist.swift */,
				BB80354423C6A1ED00CDD5E0 /* LAContext */,
				BB827F4D233B368E004D4CFB /* Device */,
				BB5E11392310752100B8B489 /* Mool.h */,
				BB5E113A2310752100B8B489 /* Info.plist */,
			);
			path = Mool;
			sourceTree = "<group>";
		};
		BB5E11432310752100B8B489 /* MoolTests */ = {
			isa = PBXGroup;
			children = (
				BB5E11442310752100B8B489 /* MoolTests.swift */,
				BB5E11462310752100B8B489 /* Info.plist */,
			);
			path = MoolTests;
			sourceTree = "<group>";
		};
		BB5E11502310757300B8B489 /* UIButton+extensions */ = {
			isa = PBXGroup;
			children = (
				BB5E1151231075C800B8B489 /* UIButton+animation.swift */,
			);
			path = "UIButton+extensions";
			sourceTree = "<group>";
		};
		BB5E11582310792D00B8B489 /* Foundation */ = {
			isa = PBXGroup;
			children = (
				BB750E4023A61187005ED4C9 /* URL */,
				BB2D8FB423137DA70008BE3F /* Number */,
				BB5E11592310792D00B8B489 /* Date */,
				BB5E115D2310792D00B8B489 /* String */,
				CF6952C724A5B6F300E6147A /* UserDefaults+extension.swift */,
			);
			path = Foundation;
			sourceTree = "<group>";
		};
		BB5E11592310792D00B8B489 /* Date */ = {
			isa = PBXGroup;
			children = (
				BB5E115A2310792D00B8B489 /* Date+TimeAgoSince.swift */,
				BB5E115B2310792D00B8B489 /* Date+extension.swift */,
				BB5E115C2310792D00B8B489 /* Date+String.swift */,
				BB8B47B223342C8A009FD5D0 /* DateComponents+extension.swift */,
				BB750E4523A6132D005ED4C9 /* DateFormatter+init.swift */,
			);
			path = Date;
			sourceTree = "<group>";
		};
		BB5E115D2310792D00B8B489 /* String */ = {
			isa = PBXGroup;
			children = (
				BB5E115E2310792D00B8B489 /* String+extension.swift */,
				BB2D8FB723137E360008BE3F /* String+localization.swift */,
				BB2D8FB923137E6D0008BE3F /* String+validator.swift */,
				BB5E35172336058100BA0527 /* String+youtube.swift */,
				BB750E4323A611EB005ED4C9 /* String+Data.swift */,
				CF6952C424A5B0EC00E6147A /* String+EmailValidation.swift */,
			);
			path = String;
			sourceTree = "<group>";
		};
		BB5E115F2310792D00B8B489 /* UIKit+Extensions */ = {
			isa = PBXGroup;
			children = (
				BB8B47A72334287C009FD5D0 /* Toolbar+helpers.swift */,
				BB5E3507233557B800BA0527 /* GradientView.swift */,
				BB8B47B523342D7E009FD5D0 /* Toast */,
				BB3C08AB233EA5E400787EBB /* UIImageViews */,
				CF6952C924A5BB2600E6147A /* UIRefreshControl+UITableView.swift */,
				BB2D8FBF23137FDA0008BE3F /* UIView */,
				BB5E11502310757300B8B489 /* UIButton+extensions */,
				BB5E11602310792D00B8B489 /* UIApplication+Extension.swift */,
				BB5E11612310792D00B8B489 /* UIImage */,
				BB5E11632310792D00B8B489 /* UIDevice+Extension.swift */,
				BB5E11642310792D00B8B489 /* UIColor */,
				BB5E11662310792D00B8B489 /* UIActivity+Extension */,
				BB5E11682310792D00B8B489 /* UIView+Extension.swift */,
				BB5E11692310792D00B8B489 /* UIStoryboard */,
				BB5E116B2310792D00B8B489 /* NSLayoutConstraint+extension.swift */,
				BB5E116C2310792D00B8B489 /* UICollectionView */,
				BB5E116E2310792D00B8B489 /* UIViewController */,
				BB5E11722310792D00B8B489 /* UITableView */,
				BB5E11742310792D00B8B489 /* UITextField */,
				BB750E4723A6136C005ED4C9 /* UIAlertController+exension.swift */,
			);
			path = "UIKit+Extensions";
			sourceTree = "<group>";
		};
		BB5E11612310792D00B8B489 /* UIImage */ = {
			isa = PBXGroup;
			children = (
				BB5E11622310792D00B8B489 /* UIImage+Extension.swift */,
			);
			path = UIImage;
			sourceTree = "<group>";
		};
		BB5E11642310792D00B8B489 /* UIColor */ = {
			isa = PBXGroup;
			children = (
				BB5E35092335FF5500BA0527 /* UIColor+Extension.swift */,
				BB5E11652310792D00B8B489 /* UIColor+init.swift */,
			);
			path = UIColor;
			sourceTree = "<group>";
		};
		BB5E11662310792D00B8B489 /* UIActivity+Extension */ = {
			isa = PBXGroup;
			children = (
				BB5E11672310792D00B8B489 /* UIActivity+Extension.swift */,
			);
			path = "UIActivity+Extension";
			sourceTree = "<group>";
		};
		BB5E11692310792D00B8B489 /* UIStoryboard */ = {
			isa = PBXGroup;
			children = (
				BB5E116A2310792D00B8B489 /* UIStoryboard+extension.swift */,
			);
			path = UIStoryboard;
			sourceTree = "<group>";
		};
		BB5E116C2310792D00B8B489 /* UICollectionView */ = {
			isa = PBXGroup;
			children = (
				BB5E116D2310792D00B8B489 /* UICollectionView+extension.swift */,
				BB2D8FBB23137F060008BE3F /* UICollectionView+Cells.swift */,
			);
			path = UICollectionView;
			sourceTree = "<group>";
		};
		BB5E116E2310792D00B8B489 /* UIViewController */ = {
			isa = PBXGroup;
			children = (
				BB5E3510233600F000BA0527 /* UIViewConroller+Hero.swift */,
				BB5E116F2310792D00B8B489 /* UIViewController+extension.swift */,
				BB5E11702310792D00B8B489 /* Segue.swift */,
				BB5E11712310792D00B8B489 /* UIViewController+Segue.swift */,
				BB2D8FC42313807D0008BE3F /* UIViewController+Alert.swift */,
				BB2D8FC6231381330008BE3F /* UIViewController+BarButtonItems.swift */,
			);
			path = UIViewController;
			sourceTree = "<group>";
		};
		BB5E11722310792D00B8B489 /* UITableView */ = {
			isa = PBXGroup;
			children = (
				BB5E11732310792D00B8B489 /* UITableView+extension.swift */,
				BB750E3E23A4C2F0005ED4C9 /* UITableView+IndexPath.swift */,
				BB2D8FBD23137FA30008BE3F /* UITableView+Cells.swift */,
			);
			path = UITableView;
			sourceTree = "<group>";
		};
		BB5E11742310792D00B8B489 /* UITextField */ = {
			isa = PBXGroup;
			children = (
				BB5E11752310792D00B8B489 /* UITextField+CGRect.swift */,
			);
			path = UITextField;
			sourceTree = "<group>";
		};
		BB750E4023A61187005ED4C9 /* URL */ = {
			isa = PBXGroup;
			children = (
				BB750E4123A611B5005ED4C9 /* URL+extension.swift */,
			);
			path = URL;
			sourceTree = "<group>";
		};
		BB80354423C6A1ED00CDD5E0 /* LAContext */ = {
			isa = PBXGroup;
			children = (
				BB80354523C6A20D00CDD5E0 /* LAContext+extension.swift */,
				BB80358623C7D68B00CDD5E0 /* MoolAssets.xcassets */,
			);
			path = LAContext;
			sourceTree = "<group>";
		};
		BB827F4D233B368E004D4CFB /* Device */ = {
			isa = PBXGroup;
			children = (
				BB827F4E233B36B4004D4CFB /* Device.swift */,
				BB827F50233B36EB004D4CFB /* DeviceVersion.swift */,
				BB827F52233B370D004D4CFB /* DeviceType.swift */,
				BB827F54233B3733004D4CFB /* DeviceSize.swift */,
			);
			path = Device;
			sourceTree = "<group>";
		};
		BB8B47B523342D7E009FD5D0 /* Toast */ = {
			isa = PBXGroup;
			children = (
				BB8B47B623342D8B009FD5D0 /* Toast.swift */,
			);
			path = Toast;
			sourceTree = "<group>";
		};
		BB97508B24A7E0A400BCE32E /* Example */ = {
			isa = PBXGroup;
			children = (
				BB9750CB24A7E2AF00BCE32E /* Example.xcodeproj */,
			);
			path = Example;
			sourceTree = "<group>";
		};
		BB9750CC24A7E2AF00BCE32E /* Products */ = {
			isa = PBXGroup;
			children = (
				BB9750D224A7E2AF00BCE32E /* Example.app */,
				BB9750D424A7E2AF00BCE32E /* ExampleTests.xctest */,
				BB9750D624A7E2AF00BCE32E /* ExampleUITests.xctest */,
			);
			name = Products;
			sourceTree = "<group>";
		};
		BB9750E924A96D2700BCE32E /* CoreLocation */ = {
			isa = PBXGroup;
			children = (
				BB9750EA24A96D5700BCE32E /* CLLocationManager+Extension.swift */,
			);
			path = CoreLocation;
			sourceTree = "<group>";
		};
/* End PBXGroup section */

/* Begin PBXHeadersBuildPhase section */
		BB5E11312310752100B8B489 /* Headers */ = {
			isa = PBXHeadersBuildPhase;
			buildActionMask = 2147483647;
			files = (
				BB5E11472310752100B8B489 /* Mool.h in Headers */,
			);
			runOnlyForDeploymentPostprocessing = 0;
		};
/* End PBXHeadersBuildPhase section */

/* Begin PBXNativeTarget section */
		BB5E11352310752100B8B489 /* Mool */ = {
			isa = PBXNativeTarget;
			buildConfigurationList = BB5E114A2310752100B8B489 /* Build configuration list for PBXNativeTarget "Mool" */;
			buildPhases = (
				BB5E11312310752100B8B489 /* Headers */,
				BB5E11322310752100B8B489 /* Sources */,
				BB5E11332310752100B8B489 /* Frameworks */,
				BB5E11342310752100B8B489 /* Resources */,
			);
			buildRules = (
			);
			dependencies = (
			);
			name = Mool;
			productName = Mool;
			productReference = BB5E11362310752100B8B489 /* Mool.framework */;
			productType = "com.apple.product-type.framework";
		};
		BB5E113E2310752100B8B489 /* MoolTests */ = {
			isa = PBXNativeTarget;
			buildConfigurationList = BB5E114D2310752100B8B489 /* Build configuration list for PBXNativeTarget "MoolTests" */;
			buildPhases = (
				BB5E113B2310752100B8B489 /* Sources */,
				BB5E113C2310752100B8B489 /* Frameworks */,
				BB5E113D2310752100B8B489 /* Resources */,
			);
			buildRules = (
			);
			dependencies = (
				BB5E11422310752100B8B489 /* PBXTargetDependency */,
			);
			name = MoolTests;
			productName = MoolTests;
			productReference = BB5E113F2310752100B8B489 /* MoolTests.xctest */;
			productType = "com.apple.product-type.bundle.unit-test";
		};
/* End PBXNativeTarget section */

/* Begin PBXProject section */
		BB5E112D2310752100B8B489 /* Project object */ = {
			isa = PBXProject;
			attributes = {
				LastSwiftUpdateCheck = 1020;
				LastUpgradeCheck = 1020;
				ORGANIZATIONNAME = "Mt Aden LLC";
				TargetAttributes = {
					BB5E11352310752100B8B489 = {
						CreatedOnToolsVersion = 10.2.1;
						LastSwiftMigration = 1020;
					};
					BB5E113E2310752100B8B489 = {
						CreatedOnToolsVersion = 10.2.1;
					};
				};
			};
			buildConfigurationList = BB5E11302310752100B8B489 /* Build configuration list for PBXProject "Mool" */;
			compatibilityVersion = "Xcode 9.3";
			developmentRegion = en;
			hasScannedForEncodings = 0;
			knownRegions = (
				en,
				Base,
			);
			mainGroup = BB5E112C2310752100B8B489;
			productRefGroup = BB5E11372310752100B8B489 /* Products */;
			projectDirPath = "";
			projectReferences = (
				{
					ProductGroup = BB9750CC24A7E2AF00BCE32E /* Products */;
					ProjectRef = BB9750CB24A7E2AF00BCE32E /* Example.xcodeproj */;
				},
			);
			projectRoot = "";
			targets = (
				BB5E11352310752100B8B489 /* Mool */,
				BB5E113E2310752100B8B489 /* MoolTests */,
			);
		};
/* End PBXProject section */

/* Begin PBXReferenceProxy section */
		BB9750D224A7E2AF00BCE32E /* Example.app */ = {
			isa = PBXReferenceProxy;
			fileType = wrapper.application;
			path = Example.app;
			remoteRef = BB9750D124A7E2AF00BCE32E /* PBXContainerItemProxy */;
			sourceTree = BUILT_PRODUCTS_DIR;
		};
		BB9750D424A7E2AF00BCE32E /* ExampleTests.xctest */ = {
			isa = PBXReferenceProxy;
			fileType = wrapper.cfbundle;
			path = ExampleTests.xctest;
			remoteRef = BB9750D324A7E2AF00BCE32E /* PBXContainerItemProxy */;
			sourceTree = BUILT_PRODUCTS_DIR;
		};
		BB9750D624A7E2AF00BCE32E /* ExampleUITests.xctest */ = {
			isa = PBXReferenceProxy;
			fileType = wrapper.cfbundle;
			path = ExampleUITests.xctest;
			remoteRef = BB9750D524A7E2AF00BCE32E /* PBXContainerItemProxy */;
			sourceTree = BUILT_PRODUCTS_DIR;
		};
/* End PBXReferenceProxy section */

/* Begin PBXResourcesBuildPhase section */
		BB5E11342310752100B8B489 /* Resources */ = {
			isa = PBXResourcesBuildPhase;
			buildActionMask = 2147483647;
			files = (
				BB80358723C7D68B00CDD5E0 /* MoolAssets.xcassets in Resources */,
			);
			runOnlyForDeploymentPostprocessing = 0;
		};
		BB5E113D2310752100B8B489 /* Resources */ = {
			isa = PBXResourcesBuildPhase;
			buildActionMask = 2147483647;
			files = (
			);
			runOnlyForDeploymentPostprocessing = 0;
		};
/* End PBXResourcesBuildPhase section */

/* Begin PBXSourcesBuildPhase section */
		BB5E11322310752100B8B489 /* Sources */ = {
			isa = PBXSourcesBuildPhase;
			buildActionMask = 2147483647;
			files = (
				CF6952C524A5B0EC00E6147A /* String+EmailValidation.swift in Sources */,
				BB5E11862310792E00B8B489 /* UIViewController+extension.swift in Sources */,
				CF6952CA24A5BB2600E6147A /* UIRefreshControl+UITableView.swift in Sources */,
				BB2D8FBA23137E6D0008BE3F /* String+validator.swift in Sources */,
				BB750E4823A6136C005ED4C9 /* UIAlertController+exension.swift in Sources */,
				BB5E11782310792E00B8B489 /* App+InfoPlist.swift in Sources */,
				BB827F53233B370D004D4CFB /* DeviceType.swift in Sources */,
				BB750E4623A6132D005ED4C9 /* DateFormatter+init.swift in Sources */,
				BB5E350A2335FF5500BA0527 /* UIColor+Extension.swift in Sources */,
				BB5E117A2310792E00B8B489 /* Date+extension.swift in Sources */,
				BB2D8FC7231381330008BE3F /* UIViewController+BarButtonItems.swift in Sources */,
				BB8B47B323342C8A009FD5D0 /* DateComponents+extension.swift in Sources */,
				BB5E117C2310792E00B8B489 /* String+extension.swift in Sources */,
				BB5E117E2310792E00B8B489 /* UIImage+Extension.swift in Sources */,
				BB80354623C6A20D00CDD5E0 /* LAContext+extension.swift in Sources */,
				BB5E117F2310792E00B8B489 /* UIDevice+Extension.swift in Sources */,
				BB5E11852310792E00B8B489 /* UICollectionView+extension.swift in Sources */,
				BB3C08AA233EA55D00787EBB /* ShadowRoundedImageView.swift in Sources */,
				BB750E4423A611EB005ED4C9 /* String+Data.swift in Sources */,
				BB8B47A82334287C009FD5D0 /* Toolbar+helpers.swift in Sources */,
				BB2D8FC123137FEF0008BE3F /* UIView+LoadFromNib.swift in Sources */,
				BB5E11812310792E00B8B489 /* UIActivity+Extension.swift in Sources */,
				BB827F51233B36EB004D4CFB /* DeviceVersion.swift in Sources */,
				CF6952C824A5B6F300E6147A /* UserDefaults+extension.swift in Sources */,
				BB5E11892310792E00B8B489 /* UITableView+extension.swift in Sources */,
				BB2D8FBC23137F060008BE3F /* UICollectionView+Cells.swift in Sources */,
				BB8B47B923342F1D009FD5D0 /* UIView+autolayout.swift in Sources */,
				BB2D8FBE23137FA30008BE3F /* UITableView+Cells.swift in Sources */,
				BB827F55233B3733004D4CFB /* DeviceSize.swift in Sources */,
				BB5E11822310792E00B8B489 /* UIView+Extension.swift in Sources */,
				BB5E11792310792E00B8B489 /* Date+TimeAgoSince.swift in Sources */,
				BB5E11882310792E00B8B489 /* UIViewController+Segue.swift in Sources */,
				BB8B47B723342D8B009FD5D0 /* Toast.swift in Sources */,
				BB5E11832310792E00B8B489 /* UIStoryboard+extension.swift in Sources */,
				BB2D8FC3231380370008BE3F /* UIView+NameOfClass.swift in Sources */,
				BB5E118A2310792E00B8B489 /* UITextField+CGRect.swift in Sources */,
				BB5E117B2310792E00B8B489 /* Date+String.swift in Sources */,
				BB9750EB24A96D5700BCE32E /* CLLocationManager+Extension.swift in Sources */,
				BB5E3511233600F000BA0527 /* UIViewConroller+Hero.swift in Sources */,
				BB2D8FB823137E360008BE3F /* String+localization.swift in Sources */,
				BB5E1152231075C800B8B489 /* UIButton+animation.swift in Sources */,
				BB2D8FB623137DCE0008BE3F /* NumberFormatter+currency.swift in Sources */,
				BB5E35182336058100BA0527 /* String+youtube.swift in Sources */,
				BB5E11872310792E00B8B489 /* Segue.swift in Sources */,
				BB750E4223A611B5005ED4C9 /* URL+extension.swift in Sources */,
				BB5E11842310792E00B8B489 /* NSLayoutConstraint+extension.swift in Sources */,
				BB5E117D2310792E00B8B489 /* UIApplication+Extension.swift in Sources */,
				BB750E3F23A4C2F0005ED4C9 /* UITableView+IndexPath.swift in Sources */,
				BB5E350F233600A400BA0527 /* App+generic.swift in Sources */,
				BB5E3508233557B800BA0527 /* GradientView.swift in Sources */,
				BB5E11802310792E00B8B489 /* UIColor+init.swift in Sources */,
				BB2D8FC52313807D0008BE3F /* UIViewController+Alert.swift in Sources */,
				BB827F4F233B36B4004D4CFB /* Device.swift in Sources */,
			);
			runOnlyForDeploymentPostprocessing = 0;
		};
		BB5E113B2310752100B8B489 /* Sources */ = {
			isa = PBXSourcesBuildPhase;
			buildActionMask = 2147483647;
			files = (
				BB5E11452310752100B8B489 /* MoolTests.swift in Sources */,
			);
			runOnlyForDeploymentPostprocessing = 0;
		};
/* End PBXSourcesBuildPhase section */

/* Begin PBXTargetDependency section */
		BB5E11422310752100B8B489 /* PBXTargetDependency */ = {
			isa = PBXTargetDependency;
			target = BB5E11352310752100B8B489 /* Mool */;
			targetProxy = BB5E11412310752100B8B489 /* PBXContainerItemProxy */;
		};
/* End PBXTargetDependency section */

/* Begin XCBuildConfiguration section */
		BB5E11482310752100B8B489 /* Debug */ = {
			isa = XCBuildConfiguration;
			buildSettings = {
				ALWAYS_SEARCH_USER_PATHS = NO;
				CLANG_ANALYZER_NONNULL = YES;
				CLANG_ANALYZER_NUMBER_OBJECT_CONVERSION = YES_AGGRESSIVE;
				CLANG_CXX_LANGUAGE_STANDARD = "gnu++14";
				CLANG_CXX_LIBRARY = "libc++";
				CLANG_ENABLE_MODULES = YES;
				CLANG_ENABLE_OBJC_ARC = YES;
				CLANG_ENABLE_OBJC_WEAK = YES;
				CLANG_WARN_BLOCK_CAPTURE_AUTORELEASING = YES;
				CLANG_WARN_BOOL_CONVERSION = YES;
				CLANG_WARN_COMMA = YES;
				CLANG_WARN_CONSTANT_CONVERSION = YES;
				CLANG_WARN_DEPRECATED_OBJC_IMPLEMENTATIONS = YES;
				CLANG_WARN_DIRECT_OBJC_ISA_USAGE = YES_ERROR;
				CLANG_WARN_DOCUMENTATION_COMMENTS = YES;
				CLANG_WARN_EMPTY_BODY = YES;
				CLANG_WARN_ENUM_CONVERSION = YES;
				CLANG_WARN_INFINITE_RECURSION = YES;
				CLANG_WARN_INT_CONVERSION = YES;
				CLANG_WARN_NON_LITERAL_NULL_CONVERSION = YES;
				CLANG_WARN_OBJC_IMPLICIT_RETAIN_SELF = YES;
				CLANG_WARN_OBJC_LITERAL_CONVERSION = YES;
				CLANG_WARN_OBJC_ROOT_CLASS = YES_ERROR;
				CLANG_WARN_RANGE_LOOP_ANALYSIS = YES;
				CLANG_WARN_STRICT_PROTOTYPES = YES;
				CLANG_WARN_SUSPICIOUS_MOVE = YES;
				CLANG_WARN_UNGUARDED_AVAILABILITY = YES_AGGRESSIVE;
				CLANG_WARN_UNREACHABLE_CODE = YES;
				CLANG_WARN__DUPLICATE_METHOD_MATCH = YES;
				CODE_SIGN_IDENTITY = "iPhone Developer";
				COPY_PHASE_STRIP = NO;
				CURRENT_PROJECT_VERSION = 1;
				DEBUG_INFORMATION_FORMAT = dwarf;
				ENABLE_STRICT_OBJC_MSGSEND = YES;
				ENABLE_TESTABILITY = YES;
				GCC_C_LANGUAGE_STANDARD = gnu11;
				GCC_DYNAMIC_NO_PIC = NO;
				GCC_NO_COMMON_BLOCKS = YES;
				GCC_OPTIMIZATION_LEVEL = 0;
				GCC_PREPROCESSOR_DEFINITIONS = (
					"DEBUG=1",
					"$(inherited)",
				);
				GCC_WARN_64_TO_32_BIT_CONVERSION = YES;
				GCC_WARN_ABOUT_RETURN_TYPE = YES_ERROR;
				GCC_WARN_UNDECLARED_SELECTOR = YES;
				GCC_WARN_UNINITIALIZED_AUTOS = YES_AGGRESSIVE;
				GCC_WARN_UNUSED_FUNCTION = YES;
				GCC_WARN_UNUSED_VARIABLE = YES;
				IPHONEOS_DEPLOYMENT_TARGET = 12.2;
				MTL_ENABLE_DEBUG_INFO = INCLUDE_SOURCE;
				MTL_FAST_MATH = YES;
				ONLY_ACTIVE_ARCH = YES;
				SDKROOT = iphoneos;
				SWIFT_ACTIVE_COMPILATION_CONDITIONS = DEBUG;
				SWIFT_OPTIMIZATION_LEVEL = "-Onone";
				VERSIONING_SYSTEM = "apple-generic";
				VERSION_INFO_PREFIX = "";
			};
			name = Debug;
		};
		BB5E11492310752100B8B489 /* Release */ = {
			isa = XCBuildConfiguration;
			buildSettings = {
				ALWAYS_SEARCH_USER_PATHS = NO;
				CLANG_ANALYZER_NONNULL = YES;
				CLANG_ANALYZER_NUMBER_OBJECT_CONVERSION = YES_AGGRESSIVE;
				CLANG_CXX_LANGUAGE_STANDARD = "gnu++14";
				CLANG_CXX_LIBRARY = "libc++";
				CLANG_ENABLE_MODULES = YES;
				CLANG_ENABLE_OBJC_ARC = YES;
				CLANG_ENABLE_OBJC_WEAK = YES;
				CLANG_WARN_BLOCK_CAPTURE_AUTORELEASING = YES;
				CLANG_WARN_BOOL_CONVERSION = YES;
				CLANG_WARN_COMMA = YES;
				CLANG_WARN_CONSTANT_CONVERSION = YES;
				CLANG_WARN_DEPRECATED_OBJC_IMPLEMENTATIONS = YES;
				CLANG_WARN_DIRECT_OBJC_ISA_USAGE = YES_ERROR;
				CLANG_WARN_DOCUMENTATION_COMMENTS = YES;
				CLANG_WARN_EMPTY_BODY = YES;
				CLANG_WARN_ENUM_CONVERSION = YES;
				CLANG_WARN_INFINITE_RECURSION = YES;
				CLANG_WARN_INT_CONVERSION = YES;
				CLANG_WARN_NON_LITERAL_NULL_CONVERSION = YES;
				CLANG_WARN_OBJC_IMPLICIT_RETAIN_SELF = YES;
				CLANG_WARN_OBJC_LITERAL_CONVERSION = YES;
				CLANG_WARN_OBJC_ROOT_CLASS = YES_ERROR;
				CLANG_WARN_RANGE_LOOP_ANALYSIS = YES;
				CLANG_WARN_STRICT_PROTOTYPES = YES;
				CLANG_WARN_SUSPICIOUS_MOVE = YES;
				CLANG_WARN_UNGUARDED_AVAILABILITY = YES_AGGRESSIVE;
				CLANG_WARN_UNREACHABLE_CODE = YES;
				CLANG_WARN__DUPLICATE_METHOD_MATCH = YES;
				CODE_SIGN_IDENTITY = "iPhone Developer";
				COPY_PHASE_STRIP = NO;
				CURRENT_PROJECT_VERSION = 1;
				DEBUG_INFORMATION_FORMAT = "dwarf-with-dsym";
				ENABLE_NS_ASSERTIONS = NO;
				ENABLE_STRICT_OBJC_MSGSEND = YES;
				GCC_C_LANGUAGE_STANDARD = gnu11;
				GCC_NO_COMMON_BLOCKS = YES;
				GCC_WARN_64_TO_32_BIT_CONVERSION = YES;
				GCC_WARN_ABOUT_RETURN_TYPE = YES_ERROR;
				GCC_WARN_UNDECLARED_SELECTOR = YES;
				GCC_WARN_UNINITIALIZED_AUTOS = YES_AGGRESSIVE;
				GCC_WARN_UNUSED_FUNCTION = YES;
				GCC_WARN_UNUSED_VARIABLE = YES;
				IPHONEOS_DEPLOYMENT_TARGET = 12.2;
				MTL_ENABLE_DEBUG_INFO = NO;
				MTL_FAST_MATH = YES;
				SDKROOT = iphoneos;
				SWIFT_COMPILATION_MODE = wholemodule;
				SWIFT_OPTIMIZATION_LEVEL = "-O";
				VALIDATE_PRODUCT = YES;
				VERSIONING_SYSTEM = "apple-generic";
				VERSION_INFO_PREFIX = "";
			};
			name = Release;
		};
		BB5E114B2310752100B8B489 /* Debug */ = {
			isa = XCBuildConfiguration;
			buildSettings = {
				CLANG_ENABLE_MODULES = YES;
				CODE_SIGN_IDENTITY = "";
				CODE_SIGN_STYLE = Automatic;
				DEFINES_MODULE = YES;
				DEVELOPMENT_TEAM = PD5GSVG63T;
				DYLIB_COMPATIBILITY_VERSION = 1;
				DYLIB_CURRENT_VERSION = 1;
				DYLIB_INSTALL_NAME_BASE = "@rpath";
				INFOPLIST_FILE = Mool/Info.plist;
				INSTALL_PATH = "$(LOCAL_LIBRARY_DIR)/Frameworks";
				IPHONEOS_DEPLOYMENT_TARGET = 10.3;
				LD_RUNPATH_SEARCH_PATHS = (
					"$(inherited)",
					"@executable_path/Frameworks",
					"@loader_path/Frameworks",
				);
				MARKETING_VERSION = 0.0.2;
				PRODUCT_BUNDLE_IDENTIFIER = com.mtaden.fw.ios.Mool;
				PRODUCT_NAME = "$(TARGET_NAME:c99extidentifier)";
				SKIP_INSTALL = YES;
				SUPPORTS_MACCATALYST = NO;
				SWIFT_OPTIMIZATION_LEVEL = "-Onone";
				SWIFT_VERSION = 5.0;
				TARGETED_DEVICE_FAMILY = "1,2";
			};
			name = Debug;
		};
		BB5E114C2310752100B8B489 /* Release */ = {
			isa = XCBuildConfiguration;
			buildSettings = {
				CLANG_ENABLE_MODULES = YES;
				CODE_SIGN_IDENTITY = "";
				CODE_SIGN_STYLE = Automatic;
				DEFINES_MODULE = YES;
				DEVELOPMENT_TEAM = PD5GSVG63T;
				DYLIB_COMPATIBILITY_VERSION = 1;
				DYLIB_CURRENT_VERSION = 1;
				DYLIB_INSTALL_NAME_BASE = "@rpath";
				INFOPLIST_FILE = Mool/Info.plist;
				INSTALL_PATH = "$(LOCAL_LIBRARY_DIR)/Frameworks";
				IPHONEOS_DEPLOYMENT_TARGET = 10.3;
				LD_RUNPATH_SEARCH_PATHS = (
					"$(inherited)",
					"@executable_path/Frameworks",
					"@loader_path/Frameworks",
				);
				MARKETING_VERSION = 0.0.2;
				PRODUCT_BUNDLE_IDENTIFIER = com.mtaden.fw.ios.Mool;
				PRODUCT_NAME = "$(TARGET_NAME:c99extidentifier)";
				SKIP_INSTALL = YES;
				SUPPORTS_MACCATALYST = NO;
				SWIFT_VERSION = 5.0;
				TARGETED_DEVICE_FAMILY = "1,2";
			};
			name = Release;
		};
		BB5E114E2310752100B8B489 /* Debug */ = {
			isa = XCBuildConfiguration;
			buildSettings = {
				ALWAYS_EMBED_SWIFT_STANDARD_LIBRARIES = YES;
				CODE_SIGN_STYLE = Automatic;
				DEVELOPMENT_TEAM = PD5GSVG63T;
				INFOPLIST_FILE = MoolTests/Info.plist;
				LD_RUNPATH_SEARCH_PATHS = (
					"$(inherited)",
					"@executable_path/Frameworks",
					"@loader_path/Frameworks",
				);
				PRODUCT_BUNDLE_IDENTIFIER = com.mtaden.fw.ios.MoolTests;
				PRODUCT_NAME = "$(TARGET_NAME)";
				SWIFT_VERSION = 5.0;
				TARGETED_DEVICE_FAMILY = "1,2";
			};
			name = Debug;
		};
		BB5E114F2310752100B8B489 /* Release */ = {
			isa = XCBuildConfiguration;
			buildSettings = {
				ALWAYS_EMBED_SWIFT_STANDARD_LIBRARIES = YES;
				CODE_SIGN_STYLE = Automatic;
				DEVELOPMENT_TEAM = PD5GSVG63T;
				INFOPLIST_FILE = MoolTests/Info.plist;
				LD_RUNPATH_SEARCH_PATHS = (
					"$(inherited)",
					"@executable_path/Frameworks",
					"@loader_path/Frameworks",
				);
				PRODUCT_BUNDLE_IDENTIFIER = com.mtaden.fw.ios.MoolTests;
				PRODUCT_NAME = "$(TARGET_NAME)";
				SWIFT_VERSION = 5.0;
				TARGETED_DEVICE_FAMILY = "1,2";
			};
			name = Release;
		};
/* End XCBuildConfiguration section */

/* Begin XCConfigurationList section */
		BB5E11302310752100B8B489 /* Build configuration list for PBXProject "Mool" */ = {
			isa = XCConfigurationList;
			buildConfigurations = (
				BB5E11482310752100B8B489 /* Debug */,
				BB5E11492310752100B8B489 /* Release */,
			);
			defaultConfigurationIsVisible = 0;
			defaultConfigurationName = Release;
		};
		BB5E114A2310752100B8B489 /* Build configuration list for PBXNativeTarget "Mool" */ = {
			isa = XCConfigurationList;
			buildConfigurations = (
				BB5E114B2310752100B8B489 /* Debug */,
				BB5E114C2310752100B8B489 /* Release */,
			);
			defaultConfigurationIsVisible = 0;
			defaultConfigurationName = Release;
		};
		BB5E114D2310752100B8B489 /* Build configuration list for PBXNativeTarget "MoolTests" */ = {
			isa = XCConfigurationList;
			buildConfigurations = (
				BB5E114E2310752100B8B489 /* Debug */,
				BB5E114F2310752100B8B489 /* Release */,
			);
			defaultConfigurationIsVisible = 0;
			defaultConfigurationName = Release;
		};
/* End XCConfigurationList section */
	};
	rootObject = BB5E112D2310752100B8B489 /* Project object */;
}
